
Microsoft Visual Studio Solution File, Format Version 12.00
# Visual Studio Version 17
VisualStudioVersion = 17.11.35222.181
MinimumVisualStudioVersion = 10.0.40219.1
Project("{FAE04EC0-301F-11D3-BF4B-00C04F79EFBC}") = "AplicacionFE", "AplicacionFE\AplicacionFE.csproj", "{C1516D05-E343-43F5-9830-52D79BD5A57A}"
EndProject
Project("{FAE04EC0-301F-11D3-BF4B-00C04F79EFBC}") = "AplicacionBE", "AplicacionBE\AplicacionBE.csproj", "{C72DDE1C-0DCF-45F1-8040-B702F25C2336}"
EndProject
Global
	GlobalSection(SolutionConfigurationPlatforms) = preSolution
		Debug|Any CPU = Debug|Any CPU
		Release|Any CPU = Release|Any CPU
	EndGlobalSection
	GlobalSection(ProjectConfigurationPlatforms) = postSolution
		{C1516D05-E343-43F5-9830-52D79BD5A57A}.Debug|Any CPU.ActiveCfg = Debug|Any CPU
		{C1516D05-E343-43F5-9830-52D79BD5A57A}.Debug|Any CPU.Build.0 = Debug|Any CPU
		{C1516D05-E343-43F5-9830-52D79BD5A57A}.Release|Any CPU.ActiveCfg = Release|Any CPU
		{C1516D05-E343-43F5-9830-52D79BD5A57A}.Release|Any CPU.Build.0 = Release|Any CPU
		{C72DDE1C-0DCF-45F1-8040-B702F25C2336}.Debug|Any CPU.ActiveCfg = Debug|Any CPU
		{C72DDE1C-0DCF-45F1-8040-B702F25C2336}.Debug|Any CPU.Build.0 = Debug|Any CPU
		{C72DDE1C-0DCF-45F1-8040-B702F25C2336}.Release|Any CPU.ActiveCfg = Release|Any CPU
		{C72DDE1C-0DCF-45F1-8040-B702F25C2336}.Release|Any CPU.Build.0 = Release|Any CPU
	EndGlobalSection
	GlobalSection(SolutionProperties) = preSolution
		HideSolutionNode = FALSE
	EndGlobalSection
	GlobalSection(ExtensibilityGlobals) = postSolution
		SolutionGuid = {D5543E91-45F5-465A-A8E4-913D9408FDCE}
	EndGlobalSection
EndGlobal
